
Microsoft Visual Studio Solution File, Format Version 11.00
# Visual Studio 2010
Project("{FAE04EC0-301F-11D3-BF4B-00C04F79EFBC}") = "RSS2Email", "RSS2Email.csproj", "{3DDA2DE8-CE3A-43F1-AD6C-DCA39D5C7521}"
EndProject
Global
	GlobalSection(SolutionConfigurationPlatforms) = preSolution
		Debug|Any CPU = Debug|Any CPU
		Release|Any CPU = Release|Any CPU
	EndGlobalSection
	GlobalSection(ProjectConfigurationPlatforms) = postSolution
		{3DDA2DE8-CE3A-43F1-AD6C-DCA39D5C7521}.Debug|Any CPU.ActiveCfg = Debug|Any CPU
		{3DDA2DE8-CE3A-43F1-AD6C-DCA39D5C7521}.Debug|Any CPU.Build.0 = Debug|Any CPU
		{3DDA2DE8-CE3A-43F1-AD6C-DCA39D5C7521}.Release|Any CPU.ActiveCfg = Release|Any CPU
		{3DDA2DE8-CE3A-43F1-AD6C-DCA39D5C7521}.Release|Any CPU.Build.0 = Release|Any CPU
	EndGlobalSection
	GlobalSection(SolutionProperties) = preSolution
		HideSolutionNode = FALSE
	EndGlobalSection
EndGlobal
